
Microsoft Visual Studio Solution File, Format Version 12.00
# Visual Studio Version 17
VisualStudioVersion = 17.7.34031.279
MinimumVisualStudioVersion = 10.0.40219.1
Project("{FAE04EC0-301F-11D3-BF4B-00C04F79EFBC}") = "math_zadach", "math_zadach.csproj", "{B3FA1F8D-7DDB-4DE5-806D-D3DFCFDC0C95}"
EndProject
Global
	GlobalSection(SolutionConfigurationPlatforms) = preSolution
		Debug|Any CPU = Debug|Any CPU
		Release|Any CPU = Release|Any CPU
	EndGlobalSection
	GlobalSection(ProjectConfigurationPlatforms) = postSolution
		{B3FA1F8D-7DDB-4DE5-806D-D3DFCFDC0C95}.Debug|Any CPU.ActiveCfg = Debug|Any CPU
		{B3FA1F8D-7DDB-4DE5-806D-D3DFCFDC0C95}.Debug|Any CPU.Build.0 = Debug|Any CPU
		{B3FA1F8D-7DDB-4DE5-806D-D3DFCFDC0C95}.Release|Any CPU.ActiveCfg = Release|Any CPU
		{B3FA1F8D-7DDB-4DE5-806D-D3DFCFDC0C95}.Release|Any CPU.Build.0 = Release|Any CPU
	EndGlobalSection
	GlobalSection(SolutionProperties) = preSolution
		HideSolutionNode = FALSE
	EndGlobalSection
	GlobalSection(ExtensibilityGlobals) = postSolution
		SolutionGuid = {AEF6BEA8-5651-4EED-9B04-7D6CBC8F9ED2}
	EndGlobalSection
EndGlobal
